
Microsoft Visual Studio Solution File, Format Version 12.00
# Visual Studio Version 17
VisualStudioVersion = 17.8.34511.84
MinimumVisualStudioVersion = 10.0.40219.1
Project("{FAE04EC0-301F-11D3-BF4B-00C04F79EFBC}") = "Practa4", "Practa4\Practa4.csproj", "{2EF5474E-B474-4192-8477-BBD61D420327}"
EndProject
Global
	GlobalSection(SolutionConfigurationPlatforms) = preSolution
		Debug|Any CPU = Debug|Any CPU
		Release|Any CPU = Release|Any CPU
	EndGlobalSection
	GlobalSection(ProjectConfigurationPlatforms) = postSolution
		{2EF5474E-B474-4192-8477-BBD61D420327}.Debug|Any CPU.ActiveCfg = Debug|Any CPU
		{2EF5474E-B474-4192-8477-BBD61D420327}.Debug|Any CPU.Build.0 = Debug|Any CPU
		{2EF5474E-B474-4192-8477-BBD61D420327}.Release|Any CPU.ActiveCfg = Release|Any CPU
		{2EF5474E-B474-4192-8477-BBD61D420327}.Release|Any CPU.Build.0 = Release|Any CPU
	EndGlobalSection
	GlobalSection(SolutionProperties) = preSolution
		HideSolutionNode = FALSE
	EndGlobalSection
	GlobalSection(ExtensibilityGlobals) = postSolution
		SolutionGuid = {227A5A5F-9745-460B-83BC-A07133CB2FBA}
	EndGlobalSection
EndGlobal
